
Microsoft Visual Studio Solution File, Format Version 12.00
# Visual Studio Version 17
VisualStudioVersion = 17.8.34309.116
MinimumVisualStudioVersion = 10.0.40219.1
Project("{9A19103F-16F7-4668-BE54-9A1E7A4F7556}") = "Calculator", "Calculator.csproj", "{17824D4B-F670-4943-BFD4-CE7620B4BF53}"
EndProject
Project("{9A19103F-16F7-4668-BE54-9A1E7A4F7556}") = "Calculator.Test", "..\Calculator.Test\Calculator.Test.csproj", "{BB7C23B0-2050-42A5-AFCB-3103A51F8593}"
EndProject
Global
	GlobalSection(SolutionConfigurationPlatforms) = preSolution
		Benchmark|Any CPU = Benchmark|Any CPU
		Debug|Any CPU = Debug|Any CPU
		Release|Any CPU = Release|Any CPU
	EndGlobalSection
	GlobalSection(ProjectConfigurationPlatforms) = postSolution
		{17824D4B-F670-4943-BFD4-CE7620B4BF53}.Benchmark|Any CPU.ActiveCfg = Benchmark|Any CPU
		{17824D4B-F670-4943-BFD4-CE7620B4BF53}.Benchmark|Any CPU.Build.0 = Benchmark|Any CPU
		{17824D4B-F670-4943-BFD4-CE7620B4BF53}.Debug|Any CPU.ActiveCfg = Debug|Any CPU
		{17824D4B-F670-4943-BFD4-CE7620B4BF53}.Debug|Any CPU.Build.0 = Debug|Any CPU
		{17824D4B-F670-4943-BFD4-CE7620B4BF53}.Release|Any CPU.ActiveCfg = Release|Any CPU
		{17824D4B-F670-4943-BFD4-CE7620B4BF53}.Release|Any CPU.Build.0 = Release|Any CPU
		{BB7C23B0-2050-42A5-AFCB-3103A51F8593}.Benchmark|Any CPU.ActiveCfg = Benchmark|Any CPU
		{BB7C23B0-2050-42A5-AFCB-3103A51F8593}.Benchmark|Any CPU.Build.0 = Benchmark|Any CPU
		{BB7C23B0-2050-42A5-AFCB-3103A51F8593}.Debug|Any CPU.ActiveCfg = Debug|Any CPU
		{BB7C23B0-2050-42A5-AFCB-3103A51F8593}.Debug|Any CPU.Build.0 = Debug|Any CPU
		{BB7C23B0-2050-42A5-AFCB-3103A51F8593}.Release|Any CPU.ActiveCfg = Release|Any CPU
		{BB7C23B0-2050-42A5-AFCB-3103A51F8593}.Release|Any CPU.Build.0 = Release|Any CPU
	EndGlobalSection
	GlobalSection(SolutionProperties) = preSolution
		HideSolutionNode = FALSE
	EndGlobalSection
	GlobalSection(ExtensibilityGlobals) = postSolution
		SolutionGuid = {26881E39-B3ED-4AD4-A8F3-259B2E650246}
	EndGlobalSection
EndGlobal
